
Microsoft Visual Studio Solution File, Format Version 12.00
# Visual Studio 14
VisualStudioVersion = 14.0.25420.1
MinimumVisualStudioVersion = 10.0.40219.1
Project("{FAE04EC0-301F-11D3-BF4B-00C04F79EFBC}") = "GUI", "GUI\GUI.csproj", "{8A8C4E86-F54F-4EB3-A37A-B32998D88458}"
EndProject
Project("{FAE04EC0-301F-11D3-BF4B-00C04F79EFBC}") = "Data", "Data\Data.csproj", "{C71BACA4-DD8C-4D32-81EF-8AF4A64946CA}"
EndProject
Project("{FAE04EC0-301F-11D3-BF4B-00C04F79EFBC}") = "Domain", "Domain\Domain.csproj", "{23BF996F-4780-48E3-B0CE-CFA100A80B59}"
EndProject
Project("{FAE04EC0-301F-11D3-BF4B-00C04F79EFBC}") = "ServicePattern", "ServicePattern\ServicePattern.csproj", "{9328292A-D357-4864-89D5-EF52C6D8AA15}"
EndProject
Project("{FAE04EC0-301F-11D3-BF4B-00C04F79EFBC}") = "Services", "Services\Services.csproj", "{984D09CE-B87F-4067-8A06-AFA2882A1E23}"
EndProject
Global
	GlobalSection(SolutionConfigurationPlatforms) = preSolution
		Debug|Any CPU = Debug|Any CPU
		Release|Any CPU = Release|Any CPU
	EndGlobalSection
	GlobalSection(ProjectConfigurationPlatforms) = postSolution
		{8A8C4E86-F54F-4EB3-A37A-B32998D88458}.Debug|Any CPU.ActiveCfg = Debug|Any CPU
		{8A8C4E86-F54F-4EB3-A37A-B32998D88458}.Debug|Any CPU.Build.0 = Debug|Any CPU
		{8A8C4E86-F54F-4EB3-A37A-B32998D88458}.Debug|Any CPU.Deploy.0 = Debug|Any CPU
		{8A8C4E86-F54F-4EB3-A37A-B32998D88458}.Release|Any CPU.ActiveCfg = Release|Any CPU
		{8A8C4E86-F54F-4EB3-A37A-B32998D88458}.Release|Any CPU.Build.0 = Release|Any CPU
		{C71BACA4-DD8C-4D32-81EF-8AF4A64946CA}.Debug|Any CPU.ActiveCfg = Debug|Any CPU
		{C71BACA4-DD8C-4D32-81EF-8AF4A64946CA}.Debug|Any CPU.Build.0 = Debug|Any CPU
		{C71BACA4-DD8C-4D32-81EF-8AF4A64946CA}.Release|Any CPU.ActiveCfg = Release|Any CPU
		{C71BACA4-DD8C-4D32-81EF-8AF4A64946CA}.Release|Any CPU.Build.0 = Release|Any CPU
		{23BF996F-4780-48E3-B0CE-CFA100A80B59}.Debug|Any CPU.ActiveCfg = Debug|Any CPU
		{23BF996F-4780-48E3-B0CE-CFA100A80B59}.Debug|Any CPU.Build.0 = Debug|Any CPU
		{23BF996F-4780-48E3-B0CE-CFA100A80B59}.Debug|Any CPU.Deploy.0 = Debug|Any CPU
		{23BF996F-4780-48E3-B0CE-CFA100A80B59}.Release|Any CPU.ActiveCfg = Release|Any CPU
		{23BF996F-4780-48E3-B0CE-CFA100A80B59}.Release|Any CPU.Build.0 = Release|Any CPU
		{9328292A-D357-4864-89D5-EF52C6D8AA15}.Debug|Any CPU.ActiveCfg = Debug|Any CPU
		{9328292A-D357-4864-89D5-EF52C6D8AA15}.Debug|Any CPU.Build.0 = Debug|Any CPU
		{9328292A-D357-4864-89D5-EF52C6D8AA15}.Release|Any CPU.ActiveCfg = Release|Any CPU
		{9328292A-D357-4864-89D5-EF52C6D8AA15}.Release|Any CPU.Build.0 = Release|Any CPU
		{984D09CE-B87F-4067-8A06-AFA2882A1E23}.Debug|Any CPU.ActiveCfg = Debug|Any CPU
		{984D09CE-B87F-4067-8A06-AFA2882A1E23}.Debug|Any CPU.Build.0 = Debug|Any CPU
		{984D09CE-B87F-4067-8A06-AFA2882A1E23}.Release|Any CPU.ActiveCfg = Release|Any CPU
		{984D09CE-B87F-4067-8A06-AFA2882A1E23}.Release|Any CPU.Build.0 = Release|Any CPU
	EndGlobalSection
	GlobalSection(SolutionProperties) = preSolution
		HideSolutionNode = FALSE
	EndGlobalSection
EndGlobal
