
Microsoft Visual Studio Solution File, Format Version 12.00
# Visual Studio 14
VisualStudioVersion = 14.0.25420.1
MinimumVisualStudioVersion = 10.0.40219.1
Project("{FAE04EC0-301F-11D3-BF4B-00C04F79EFBC}") = "GUI", "GUI\GUI.csproj", "{8A8C4E86-F54F-4EB3-A37A-B32998D88458}"
EndProject
Project("{FAE04EC0-301F-11D3-BF4B-00C04F79EFBC}") = "Data", "Data\Data.csproj", "{C71BACA4-DD8C-4D32-81EF-8AF4A64946CA}"
EndProject
Project("{FAE04EC0-301F-11D3-BF4B-00C04F79EFBC}") = "Domain", "Domain\Domain.csproj", "{23BF996F-4780-48E3-B0CE-CFA100A80B59}"
EndProject
Project("{FAE04EC0-301F-11D3-BF4B-00C04F79EFBC}") = "Service", "Service\Service.csproj", "{B097382A-A638-45A2-9B69-3E07B0FCB040}"
EndProject
Global
	GlobalSection(SolutionConfigurationPlatforms) = preSolution
		Debug|Any CPU = Debug|Any CPU
		Release|Any CPU = Release|Any CPU
	EndGlobalSection
	GlobalSection(ProjectConfigurationPlatforms) = postSolution
		{8A8C4E86-F54F-4EB3-A37A-B32998D88458}.Debug|Any CPU.ActiveCfg = Debug|Any CPU
		{8A8C4E86-F54F-4EB3-A37A-B32998D88458}.Debug|Any CPU.Build.0 = Debug|Any CPU
		{8A8C4E86-F54F-4EB3-A37A-B32998D88458}.Release|Any CPU.ActiveCfg = Release|Any CPU
		{8A8C4E86-F54F-4EB3-A37A-B32998D88458}.Release|Any CPU.Build.0 = Release|Any CPU
		{C71BACA4-DD8C-4D32-81EF-8AF4A64946CA}.Debug|Any CPU.ActiveCfg = Debug|Any CPU
		{C71BACA4-DD8C-4D32-81EF-8AF4A64946CA}.Debug|Any CPU.Build.0 = Debug|Any CPU
		{C71BACA4-DD8C-4D32-81EF-8AF4A64946CA}.Release|Any CPU.ActiveCfg = Release|Any CPU
		{C71BACA4-DD8C-4D32-81EF-8AF4A64946CA}.Release|Any CPU.Build.0 = Release|Any CPU
		{23BF996F-4780-48E3-B0CE-CFA100A80B59}.Debug|Any CPU.ActiveCfg = Debug|Any CPU
		{23BF996F-4780-48E3-B0CE-CFA100A80B59}.Debug|Any CPU.Build.0 = Debug|Any CPU
		{23BF996F-4780-48E3-B0CE-CFA100A80B59}.Release|Any CPU.ActiveCfg = Release|Any CPU
		{23BF996F-4780-48E3-B0CE-CFA100A80B59}.Release|Any CPU.Build.0 = Release|Any CPU
		{B097382A-A638-45A2-9B69-3E07B0FCB040}.Debug|Any CPU.ActiveCfg = Debug|Any CPU
		{B097382A-A638-45A2-9B69-3E07B0FCB040}.Debug|Any CPU.Build.0 = Debug|Any CPU
		{B097382A-A638-45A2-9B69-3E07B0FCB040}.Release|Any CPU.ActiveCfg = Release|Any CPU
		{B097382A-A638-45A2-9B69-3E07B0FCB040}.Release|Any CPU.Build.0 = Release|Any CPU
	EndGlobalSection
	GlobalSection(SolutionProperties) = preSolution
		HideSolutionNode = FALSE
	EndGlobalSection
EndGlobal
